{
  "nodes": {
    "flake-compat": {
      "flake": false,
      "locked": {
        "lastModified": 1733328505,
        "narHash": "sha256-NeCCThCEP3eCl2l/+27kNNK7QrwZB1IJCrXfrbv5oqU=",
        "owner": "edolstra",
        "repo": "flake-compat",
        "rev": "ff81ac966bb2cae68946d5ed5fc4994f96d0ffec",
        "type": "github"
      },
      "original": {
        "owner": "edolstra",
        "repo": "flake-compat",
        "type": "github"
      }
    },
    "flake-compat_2": {
      "flake": false,
      "locked": {
        "lastModified": 1696426674,
        "narHash": "sha256-kvjfFW7WAETZlt09AgDn1MrtKzP7t90Vf7vypd3OL1U=",
        "owner": "edolstra",
        "repo": "flake-compat",
        "rev": "0f9255e01c2351cc7d116c072cb317785dd33b33",
        "type": "github"
      },
      "original": {
        "owner": "edolstra",
        "repo": "flake-compat",
        "type": "github"
      }
    },
    "flake-utils": {
      "inputs": {
        "systems": "systems"
      },
      "locked": {
        "lastModified": 1731533236,
        "narHash": "sha256-l0KFg5HjrsfsO/JpG+r7fRrqm12kzFHyUHqHCVpMMbI=",
        "owner": "numtide",
        "repo": "flake-utils",
        "rev": "11707dc2f618dd54ca8739b309ec4fc024de578b",
        "type": "github"
      },
      "original": {
        "owner": "numtide",
        "repo": "flake-utils",
        "type": "github"
      }
    },
    "gitignore": {
      "inputs": {
        "nixpkgs": [
          "pre-commit-hooks",
          "nixpkgs"
        ]
      },
      "locked": {
        "lastModified": 1709087332,
        "narHash": "sha256-HG2cCnktfHsKV0s4XW83gU3F57gaTljL9KNSuG6bnQs=",
        "owner": "hercules-ci",
        "repo": "gitignore.nix",
        "rev": "637db329424fd7e46cf4185293b9cc8c88c95394",
        "type": "github"
      },
      "original": {
        "owner": "hercules-ci",
        "repo": "gitignore.nix",
        "type": "github"
      }
    },
    "hls": {
      "inputs": {
        "flake-compat": "flake-compat_2",
        "flake-utils": [
          "ihaskell",
          "flake-utils"
        ],
        "nixpkgs": "nixpkgs"
      },
      "locked": {
        "lastModified": 1737712849,
        "narHash": "sha256-m58D1Oe6oWbJ7E9xzEf9TsUx5wXIx4c2tWnxKwIFGEo=",
        "owner": "haskell",
        "repo": "haskell-language-server",
        "rev": "d75400d7a3416a71b900e54177124ac1183a340b",
        "type": "github"
      },
      "original": {
        "owner": "haskell",
        "repo": "haskell-language-server",
        "type": "github"
      }
    },
    "ihaskell": {
      "inputs": {
        "flake-utils": [
          "flake-utils"
        ],
        "hls": "hls",
        "nix-filter": "nix-filter",
        "nixpkgs24_11": [
          "nixpkgs-stable"
        ],
        "nixpkgsMaster": [
          "nixpkgs-master"
        ]
      },
      "locked": {
        "lastModified": 1739083722,
        "narHash": "sha256-zoBwXJ2KXEZBlCfj0oZ3m09Dl2MD2Pk5QegHFx4sSpU=",
        "owner": "ihaskell",
        "repo": "ihaskell",
        "rev": "29d1622d1ecf28eaf97e3020d2fd7aebd3de74b0",
        "type": "github"
      },
      "original": {
        "owner": "ihaskell",
        "repo": "ihaskell",
        "type": "github"
      }
    },
    "mirage-opam-overlays": {
      "flake": false,
      "locked": {
        "lastModified": 1710922379,
        "narHash": "sha256-j4QREQDUf8oHOX7qg6wAOupgsNQoYlufxoPrgagD+pY=",
        "owner": "dune-universe",
        "repo": "mirage-opam-overlays",
        "rev": "797cb363df3ff763c43c8fbec5cd44de2878757e",
        "type": "github"
      },
      "original": {
        "owner": "dune-universe",
        "repo": "mirage-opam-overlays",
        "type": "github"
      }
    },
    "nix-dart": {
      "inputs": {
        "flake-utils": [
          "flake-utils"
        ],
        "nixpkgs": [
          "nixpkgs"
        ],
        "pub2nix": "pub2nix"
      },
      "locked": {
        "lastModified": 1673740150,
        "narHash": "sha256-JiZrr75JILHW7IaNW3MwpYn+084Q6/gnXScPR7Pozhs=",
        "owner": "djacu",
        "repo": "nix-dart",
        "rev": "8ee4e1a5ec0cc6c1e15860c4733f741485e8231e",
        "type": "github"
      },
      "original": {
        "owner": "djacu",
        "repo": "nix-dart",
        "type": "github"
      }
    },
    "nix-filter": {
      "locked": {
        "lastModified": 1731533336,
        "narHash": "sha256-oRam5PS1vcrr5UPgALW0eo1m/5/pls27Z/pabHNy2Ms=",
        "owner": "numtide",
        "repo": "nix-filter",
        "rev": "f7653272fd234696ae94229839a99b73c9ab7de0",
        "type": "github"
      },
      "original": {
        "owner": "numtide",
        "repo": "nix-filter",
        "type": "github"
      }
    },
    "nix-github-actions": {
      "inputs": {
        "nixpkgs": [
          "poetry2nix",
          "nixpkgs"
        ]
      },
      "locked": {
        "lastModified": 1729742964,
        "narHash": "sha256-B4mzTcQ0FZHdpeWcpDYPERtyjJd/NIuaQ9+BV1h+MpA=",
        "owner": "nix-community",
        "repo": "nix-github-actions",
        "rev": "e04df33f62cdcf93d73e9a04142464753a16db67",
        "type": "github"
      },
      "original": {
        "owner": "nix-community",
        "repo": "nix-github-actions",
        "type": "github"
      }
    },
    "nixpkgs": {
      "locked": {
        "lastModified": 1718149104,
        "narHash": "sha256-Ds1QpobBX2yoUDx9ZruqVGJ/uQPgcXoYuobBguyKEh8=",
        "owner": "NixOS",
        "repo": "nixpkgs",
        "rev": "e913ae340076bbb73d9f4d3d065c2bca7caafb16",
        "type": "github"
      },
      "original": {
        "owner": "NixOS",
        "ref": "nixpkgs-unstable",
        "repo": "nixpkgs",
        "type": "github"
      }
    },
    "nixpkgs-master": {
      "locked": {
        "lastModified": 1739473215,
        "narHash": "sha256-ld2LPGdk+IMzpg47jUzHNvqpCo8zSwK1iCdDau2ovOc=",
        "owner": "nixos",
        "repo": "nixpkgs",
        "rev": "848d5cf061270519802a8ed76a9d9727ce235d10",
        "type": "github"
      },
      "original": {
        "owner": "nixos",
        "ref": "master",
        "repo": "nixpkgs",
        "type": "github"
      }
    },
    "nixpkgs-stable": {
      "locked": {
        "lastModified": 1739357830,
        "narHash": "sha256-9xim3nJJUFbVbJCz48UP4fGRStVW5nv4VdbimbKxJ3I=",
        "owner": "nixos",
        "repo": "nixpkgs",
        "rev": "0ff09db9d034a04acd4e8908820ba0b410d7a33a",
        "type": "github"
      },
      "original": {
        "owner": "nixos",
        "ref": "nixos-24.11",
        "repo": "nixpkgs",
        "type": "github"
      }
    },
    "nixpkgs_2": {
      "locked": {
        "lastModified": 1739419412,
        "narHash": "sha256-NCWZQg4DbYVFWg+MOFrxWRaVsLA7yvRWAf6o0xPR1hI=",
        "owner": "nixos",
        "repo": "nixpkgs",
        "rev": "2d55b4c1531187926c2a423f6940b3b1301399b5",
        "type": "github"
      },
      "original": {
        "owner": "nixos",
        "ref": "nixpkgs-unstable",
        "repo": "nixpkgs",
        "type": "github"
      }
    },
    "npmlock2nix": {
      "flake": false,
      "locked": {
        "lastModified": 1673447413,
        "narHash": "sha256-sJM82Sj8yfQYs9axEmGZ9Evzdv/kDcI9sddqJ45frrU=",
        "owner": "nix-community",
        "repo": "npmlock2nix",
        "rev": "9197bbf397d76059a76310523d45df10d2e4ca81",
        "type": "github"
      },
      "original": {
        "owner": "nix-community",
        "repo": "npmlock2nix",
        "type": "github"
      }
    },
    "opam-nix": {
      "inputs": {
        "flake-compat": [],
        "flake-utils": [
          "flake-utils"
        ],
        "mirage-opam-overlays": "mirage-opam-overlays",
        "nixpkgs": [
          "nixpkgs"
        ],
        "opam-overlays": "opam-overlays",
        "opam-repository": "opam-repository",
        "opam2json": "opam2json"
      },
      "locked": {
        "lastModified": 1737622850,
        "narHash": "sha256-50F6VpvLR0iRq43BDDtSP8UpqItH5njHNRnzFTuFS8Q=",
        "owner": "tweag",
        "repo": "opam-nix",
        "rev": "80bc0abfbcf683441eba7bbb37d5794ccc32956b",
        "type": "github"
      },
      "original": {
        "owner": "tweag",
        "repo": "opam-nix",
        "type": "github"
      }
    },
    "opam-overlays": {
      "flake": false,
      "locked": {
        "lastModified": 1726822209,
        "narHash": "sha256-bwM18ydNT9fYq91xfn4gmS21q322NYrKwfq0ldG9GYw=",
        "owner": "dune-universe",
        "repo": "opam-overlays",
        "rev": "f2bec38beca4aea9e481f2fd3ee319c519124649",
        "type": "github"
      },
      "original": {
        "owner": "dune-universe",
        "repo": "opam-overlays",
        "type": "github"
      }
    },
    "opam-repository": {
      "flake": false,
      "locked": {
        "lastModified": 1737555577,
        "narHash": "sha256-tyFeSul8JgoPa2X5G+CHz4PgJSbt7TUAGbeAENTmTZQ=",
        "owner": "ocaml",
        "repo": "opam-repository",
        "rev": "a12dee6bc474c1adf530d0db26271d7b002230ff",
        "type": "github"
      },
      "original": {
        "owner": "ocaml",
        "repo": "opam-repository",
        "type": "github"
      }
    },
    "opam2json": {
      "inputs": {
        "nixpkgs": [
          "opam-nix",
          "nixpkgs"
        ]
      },
      "locked": {
        "lastModified": 1671540003,
        "narHash": "sha256-5pXfbUfpVABtKbii6aaI2EdAZTjHJ2QntEf0QD2O5AM=",
        "owner": "tweag",
        "repo": "opam2json",
        "rev": "819d291ea95e271b0e6027679de6abb4d4f7f680",
        "type": "github"
      },
      "original": {
        "owner": "tweag",
        "repo": "opam2json",
        "type": "github"
      }
    },
    "poetry2nix": {
      "inputs": {
        "flake-utils": [
          "flake-utils"
        ],
        "nix-github-actions": "nix-github-actions",
        "nixpkgs": [
          "nixpkgs"
        ],
        "systems": "systems_2",
        "treefmt-nix": []
      },
      "locked": {
        "lastModified": 1738741221,
        "narHash": "sha256-UiTOA89yQV5YNlO1ZAp4IqJUGWOnTyBC83netvt8rQE=",
        "owner": "nix-community",
        "repo": "poetry2nix",
        "rev": "be1fe795035d3d36359ca9135b26dcc5321b31fb",
        "type": "github"
      },
      "original": {
        "owner": "nix-community",
        "repo": "poetry2nix",
        "type": "github"
      }
    },
    "pre-commit-hooks": {
      "inputs": {
        "flake-compat": [],
        "gitignore": "gitignore",
        "nixpkgs": [
          "nixpkgs"
        ]
      },
      "locked": {
        "lastModified": 1737465171,
        "narHash": "sha256-R10v2hoJRLq8jcL4syVFag7nIGE7m13qO48wRIukWNg=",
        "owner": "cachix",
        "repo": "pre-commit-hooks.nix",
        "rev": "9364dc02281ce2d37a1f55b6e51f7c0f65a75f17",
        "type": "github"
      },
      "original": {
        "owner": "cachix",
        "repo": "pre-commit-hooks.nix",
        "type": "github"
      }
    },
    "pub2nix": {
      "flake": false,
      "locked": {
        "lastModified": 1594192744,
        "narHash": "sha256-pDvcXSG1Mh2BpwkqAcNDJzcupV3pIAAtZJLfkiHMAz4=",
        "owner": "paulyoung",
        "repo": "pub2nix",
        "rev": "0c7ecca590fcd1616db8c6468f799ffef36c85e9",
        "type": "github"
      },
      "original": {
        "owner": "paulyoung",
        "repo": "pub2nix",
        "type": "github"
      }
    },
    "root": {
      "inputs": {
        "flake-compat": "flake-compat",
        "flake-utils": "flake-utils",
        "ihaskell": "ihaskell",
        "nix-dart": "nix-dart",
        "nixpkgs": "nixpkgs_2",
        "nixpkgs-master": "nixpkgs-master",
        "nixpkgs-stable": "nixpkgs-stable",
        "npmlock2nix": "npmlock2nix",
        "opam-nix": "opam-nix",
        "poetry2nix": "poetry2nix",
        "pre-commit-hooks": "pre-commit-hooks",
        "rust-overlay": "rust-overlay"
      }
    },
    "rust-overlay": {
      "inputs": {
        "nixpkgs": [
          "nixpkgs"
        ]
      },
      "locked": {
        "lastModified": 1739413688,
        "narHash": "sha256-57OAXXYhOibG7Rqhhr4ecI1H8mtDJB2uj0T8rbQVGLY=",
        "owner": "oxalica",
        "repo": "rust-overlay",
        "rev": "675a6427d505f140dab8c56379afb66d4f55800b",
        "type": "github"
      },
      "original": {
        "owner": "oxalica",
        "repo": "rust-overlay",
        "type": "github"
      }
    },
    "systems": {
      "locked": {
        "lastModified": 1681028828,
        "narHash": "sha256-Vy1rq5AaRuLzOxct8nz4T6wlgyUR7zLU309k9mBC768=",
        "owner": "nix-systems",
        "repo": "default",
        "rev": "da67096a3b9bf56a91d16901293e51ba5b49a27e",
        "type": "github"
      },
      "original": {
        "owner": "nix-systems",
        "repo": "default",
        "type": "github"
      }
    },
    "systems_2": {
      "locked": {
        "lastModified": 1681028828,
        "narHash": "sha256-Vy1rq5AaRuLzOxct8nz4T6wlgyUR7zLU309k9mBC768=",
        "owner": "nix-systems",
        "repo": "default",
        "rev": "da67096a3b9bf56a91d16901293e51ba5b49a27e",
        "type": "github"
      },
      "original": {
        "owner": "nix-systems",
        "repo": "default",
        "type": "github"
      }
    }
  },
  "root": "root",
  "version": 7
}
