{
  "nodes": {
    "flake-utils": {
      "locked": {
        "lastModified": 1634851050,
        "narHash": "sha256-N83GlSGPJJdcqhUxSCS/WwW5pksYf3VP1M13cDRTSVA=",
        "owner": "numtide",
        "repo": "flake-utils",
        "rev": "c91f3de5adaf1de973b797ef7485e441a65b8935",
        "type": "github"
      },
      "original": {
        "owner": "numtide",
        "repo": "flake-utils",
        "type": "github"
      }
    },
    "flake-utils_2": {
      "locked": {
        "lastModified": 1623660459,
        "narHash": "sha256-OTmOsh43po7r5F9s9H6lVCBQ2b0FikWbmiwLbMAGRdw=",
        "owner": "numtide",
        "repo": "flake-utils",
        "rev": "98c8d36b1828009b20f12544214683c7489935a1",
        "type": "github"
      },
      "original": {
        "owner": "numtide",
        "repo": "flake-utils",
        "type": "github"
      }
    },
    "jupyterWith": {
      "inputs": {
        "flake-utils": "flake-utils_2",
        "nixpkgs": "nixpkgs"
      },
      "locked": {
        "lastModified": 1632811339,
        "narHash": "sha256-tnYHyxjDwn2vdELhRXrbi1J6SQ8m7VgCuw8O8HrJ8/o=",
        "owner": "tweag",
        "repo": "jupyterWith",
        "rev": "73bdac9ca036c0303fc3a487129e23f9c4ad0bcf",
        "type": "github"
      },
      "original": {
        "owner": "tweag",
        "repo": "jupyterWith",
        "type": "github"
      }
    },
    "nixpkgs": {
      "locked": {
        "lastModified": 1623393771,
        "narHash": "sha256-UMqgWzS0IEqsosffjL0P621dixn5ncE9unNylpUB9Zs=",
        "owner": "NixOS",
        "repo": "nixpkgs",
        "rev": "a5d03577f0161c8a6e713b928ca44d9b3feb2c37",
        "type": "github"
      },
      "original": {
        "id": "nixpkgs",
        "rev": "a5d03577f0161c8a6e713b928ca44d9b3feb2c37",
        "type": "indirect"
      }
    },
    "nixpkgs_2": {
      "locked": {
        "lastModified": 1623393771,
        "narHash": "sha256-UMqgWzS0IEqsosffjL0P621dixn5ncE9unNylpUB9Zs=",
        "owner": "NixOS",
        "repo": "nixpkgs",
        "rev": "a5d03577f0161c8a6e713b928ca44d9b3feb2c37",
        "type": "github"
      },
      "original": {
        "id": "nixpkgs",
        "rev": "a5d03577f0161c8a6e713b928ca44d9b3feb2c37",
        "type": "indirect"
      }
    },
    "root": {
      "inputs": {
        "flake-utils": "flake-utils",
        "jupyterWith": "jupyterWith",
        "nixpkgs": "nixpkgs_2"
      }
    }
  },
  "root": "root",
  "version": 7
}
