[[package]]
category = "main"
description = "Disable App Nap on OS X 10.9"
marker = "sys_platform == \"darwin\" or platform_system == \"Darwin\""
name = "appnope"
optional = false
python-versions = "*"
version = "0.1.0"

[[package]]
category = "main"
description = "Specifications for callback functions passed in to an API"
name = "backcall"
optional = false
python-versions = "*"
version = "0.1.0"

[[package]]
category = "main"
description = "Cross-platform colored terminal text."
marker = "sys_platform == \"win32\""
name = "colorama"
optional = false
python-versions = ">=2.7, !=3.0.*, !=3.1.*, !=3.2.*, !=3.3.*, !=3.4.*"
version = "0.4.3"

[[package]]
category = "main"
description = "The Cython compiler for writing C extensions for the Python language."
name = "cython"
optional = false
python-versions = ">=2.6, !=3.0.*, !=3.1.*, !=3.2.*"
version = "0.29.14"

[[package]]
category = "main"
description = "Decorators for Humans"
name = "decorator"
optional = false
python-versions = ">=2.6, !=3.0.*, !=3.1.*"
version = "4.4.1"

[[package]]
category = "main"
description = "IPython Kernel for Jupyter"
name = "ipykernel"
optional = false
python-versions = ">=3.4"
version = "5.1.3"

[package.dependencies]
appnope = "*"
ipython = ">=5.0.0"
jupyter-client = "*"
tornado = ">=4.2"
traitlets = ">=4.1.0"

[package.extras]
test = ["pytest", "pytest-cov", "flaky", "nose"]

[[package]]
category = "main"
description = "IPython: Productive Interactive Computing"
name = "ipython"
optional = false
python-versions = ">=3.6"
version = "7.11.1"

[package.dependencies]
appnope = "*"
backcall = "*"
colorama = "*"
decorator = "*"
jedi = ">=0.10"
pexpect = "*"
pickleshare = "*"
prompt-toolkit = ">=2.0.0,<3.0.0 || >3.0.0,<3.0.1 || >3.0.1,<3.1.0"
pygments = "*"
setuptools = ">=18.5"
traitlets = ">=4.2"

[package.extras]
all = ["ipywidgets", "ipyparallel", "qtconsole", "ipykernel", "nbconvert", "notebook", "nbformat", "testpath", "pygments", "requests", "numpy (>=1.14)", "nose (>=0.10.1)", "Sphinx (>=1.3)"]
doc = ["Sphinx (>=1.3)"]
kernel = ["ipykernel"]
nbconvert = ["nbconvert"]
nbformat = ["nbformat"]
notebook = ["notebook", "ipywidgets"]
parallel = ["ipyparallel"]
qtconsole = ["qtconsole"]
test = ["nose (>=0.10.1)", "requests", "testpath", "pygments", "nbformat", "ipykernel", "numpy (>=1.14)"]

[[package]]
category = "main"
description = "Vestigial utilities from IPython"
name = "ipython-genutils"
optional = false
python-versions = "*"
version = "0.2.0"

[[package]]
category = "main"
description = "An autocompletion tool for Python that can be used for text editors."
name = "jedi"
optional = false
python-versions = ">=2.7, !=3.0.*, !=3.1.*, !=3.2.*, !=3.3.*"
version = "0.15.2"

[package.dependencies]
parso = ">=0.5.2"

[package.extras]
testing = ["colorama (0.4.1)", "docopt", "pytest (>=3.9.0,<5.0.0)"]

[[package]]
category = "main"
description = "Jupyter protocol implementation and client libraries"
name = "jupyter-client"
optional = false
python-versions = ">=2.7, !=3.0.*, !=3.1.*, !=3.2.*, !=3.3.*, !=3.4.*"
version = "5.3.4"

[package.dependencies]
jupyter-core = ">=4.6.0"
python-dateutil = ">=2.1"
pywin32 = ">=1.0"
pyzmq = ">=13"
tornado = ">=4.1"
traitlets = "*"

[package.extras]
test = ["ipykernel", "ipython", "mock", "pytest"]

[[package]]
category = "main"
description = "Jupyter core package. A base package on which Jupyter projects rely."
name = "jupyter-core"
optional = false
python-versions = ">=2.7, !=3.0, !=3.1, !=3.2"
version = "4.6.1"

[package.dependencies]
pywin32 = ">=1.0"
traitlets = "*"

[[package]]
category = "main"
description = "NumPy is the fundamental package for array computing with Python."
name = "numpy"
optional = false
python-versions = ">=3.5"
version = "1.18.1"

[[package]]
category = "main"
description = "Powerful data structures for data analysis, time series, and statistics"
name = "pandas"
optional = false
python-versions = ">=2.7,!=3.0.*,!=3.1.*,!=3.2.*,!=3.3.*,!=3.4.*"
version = "0.24.2"

[package.dependencies]
numpy = ">=1.12.0"
python-dateutil = ">=2.5.0"
pytz = ">=2011k"

[[package]]
category = "main"
description = "A Python Parser"
name = "parso"
optional = false
python-versions = "*"
version = "0.5.2"

[package.extras]
testing = ["docopt", "pytest (>=3.0.7)"]

[[package]]
category = "main"
description = "Pexpect allows easy control of interactive console applications."
marker = "sys_platform != \"win32\""
name = "pexpect"
optional = false
python-versions = "*"
version = "4.7.0"

[package.dependencies]
ptyprocess = ">=0.5"

[[package]]
category = "main"
description = "Tiny 'shelve'-like database with concurrency support"
name = "pickleshare"
optional = false
python-versions = "*"
version = "0.7.5"

[[package]]
category = "main"
description = "Library for building powerful interactive command lines in Python"
name = "prompt-toolkit"
optional = false
python-versions = ">=3.6"
version = "3.0.2"

[package.dependencies]
wcwidth = "*"

[[package]]
category = "main"
description = "Run a subprocess in a pseudo terminal"
marker = "sys_platform != \"win32\""
name = "ptyprocess"
optional = false
python-versions = "*"
version = "0.6.0"

[[package]]
category = "main"
description = "Pygments is a syntax highlighting package written in Python."
name = "pygments"
optional = false
python-versions = ">=2.7, !=3.0.*, !=3.1.*, !=3.2.*, !=3.3.*, !=3.4.*"
version = "2.5.2"

[[package]]
category = "main"
description = "Extensions to the standard Python datetime module"
name = "python-dateutil"
optional = false
python-versions = "!=3.0.*,!=3.1.*,!=3.2.*,>=2.7"
version = "2.8.1"

[package.dependencies]
six = ">=1.5"

[[package]]
category = "main"
description = "World timezone definitions, modern and historical"
name = "pytz"
optional = false
python-versions = "*"
version = "2019.3"

[[package]]
category = "main"
description = "Python for Window Extensions"
marker = "sys_platform == \"win32\""
name = "pywin32"
optional = false
python-versions = "*"
version = "227"

[[package]]
category = "main"
description = "Python bindings for 0MQ"
name = "pyzmq"
optional = false
python-versions = ">=2.7,!=3.0.*,!=3.1.*,!=3.2.*"
version = "18.1.1"

[[package]]
category = "main"
description = "Python 2 and 3 compatibility utilities"
name = "six"
optional = false
python-versions = ">=2.6, !=3.0.*, !=3.1.*"
version = "1.13.0"

[[package]]
category = "main"
description = "Tornado is a Python web framework and asynchronous networking library, originally developed at FriendFeed."
name = "tornado"
optional = false
python-versions = ">= 3.5"
version = "6.0.3"

[[package]]
category = "main"
description = "Traitlets Python config system"
name = "traitlets"
optional = false
python-versions = "*"
version = "4.3.3"

[package.dependencies]
decorator = "*"
ipython-genutils = "*"
six = "*"

[package.extras]
test = ["pytest", "mock"]

[[package]]
category = "main"
description = "Measures number of Terminal column cells of wide-character codes"
name = "wcwidth"
optional = false
python-versions = "*"
version = "0.1.8"

[metadata]
content-hash = "16f92d138abcecb642254c8338ee2a4b4573d72b4976c8a8abd893b705a11fec"
python-versions = "^3.7"

[metadata.files]
appnope = [
    {file = "appnope-0.1.0-py2.py3-none-any.whl", hash = "sha256:5b26757dc6f79a3b7dc9fab95359328d5747fcb2409d331ea66d0272b90ab2a0"},
    {file = "appnope-0.1.0.tar.gz", hash = "sha256:8b995ffe925347a2138d7ac0fe77155e4311a0ea6d6da4f5128fe4b3cbe5ed71"},
]
backcall = [
    {file = "backcall-0.1.0.tar.gz", hash = "sha256:38ecd85be2c1e78f77fd91700c76e14667dc21e2713b63876c0eb901196e01e4"},
    {file = "backcall-0.1.0.zip", hash = "sha256:bbbf4b1e5cd2bdb08f915895b51081c041bac22394fdfcfdfbe9f14b77c08bf2"},
]
colorama = [
    {file = "colorama-0.4.3-py2.py3-none-any.whl", hash = "sha256:7d73d2a99753107a36ac6b455ee49046802e59d9d076ef8e47b61499fa29afff"},
    {file = "colorama-0.4.3.tar.gz", hash = "sha256:e96da0d330793e2cb9485e9ddfd918d456036c7149416295932478192f4436a1"},
]
cython = [
    {file = "Cython-0.29.14-cp27-cp27m-macosx_10_6_intel.macosx_10_9_intel.macosx_10_9_x86_64.macosx_10_10_intel.macosx_10_10_x86_64.whl", hash = "sha256:47e5e1502d52ef03387cf9d3b3241007961a84a466e58a3b74028e1dd4957f8c"},
    {file = "Cython-0.29.14-cp27-cp27m-manylinux1_i686.whl", hash = "sha256:1dcdaa319558eb924294a554dcf6c12383ec947acc7e779e8d3622409a7f7d28"},
    {file = "Cython-0.29.14-cp27-cp27m-manylinux1_x86_64.whl", hash = "sha256:7bc18fc5a170f2c1cef5387a3d997c28942918bbee0f700e73fd2178ee8d474d"},
    {file = "Cython-0.29.14-cp27-cp27m-win32.whl", hash = "sha256:89458b49976b1dee5d89ab4ac943da3717b4292bf624367e862e4ee172fcce99"},
    {file = "Cython-0.29.14-cp27-cp27m-win_amd64.whl", hash = "sha256:c0b24bfe3431b3cb7ced323bca813dbd13aca973a1475b512d3331fd0de8ec60"},
    {file = "Cython-0.29.14-cp27-cp27mu-manylinux1_i686.whl", hash = "sha256:7f89eff20e4a7a64b55210dac17aea711ed8a3f2e78f2ff784c0e984302583dd"},
    {file = "Cython-0.29.14-cp27-cp27mu-manylinux1_x86_64.whl", hash = "sha256:6c53338c1811f8c6d7f8cb7abd874810b15045e719e8207f957035c9177b4213"},
    {file = "Cython-0.29.14-cp34-cp34m-macosx_10_6_intel.macosx_10_9_intel.macosx_10_9_x86_64.macosx_10_10_intel.macosx_10_10_x86_64.whl", hash = "sha256:521340844cf388d109ceb61397f3fd5250ccb622a1a8e93559e8de76c80940a9"},
    {file = "Cython-0.29.14-cp34-cp34m-manylinux1_i686.whl", hash = "sha256:75c2dda47dcc3c77449712b1417bb6b89ec3b7b02e18c64262494dceffdf455e"},
    {file = "Cython-0.29.14-cp34-cp34m-manylinux1_x86_64.whl", hash = "sha256:05eb79efc8029d487251c8a2702a909a8ba33c332e06d2f3980866541bd81253"},
    {file = "Cython-0.29.14-cp34-cp34m-win32.whl", hash = "sha256:1fc5bdda28f25fec44e4721677458aa509d743cd350862270309d61aa148d6ff"},
    {file = "Cython-0.29.14-cp34-cp34m-win_amd64.whl", hash = "sha256:0c70e842e52e2f50cc43bad43b5e5bc515f30821a374e544abb0e0746f2350ff"},
    {file = "Cython-0.29.14-cp35-cp35m-macosx_10_6_intel.macosx_10_9_intel.macosx_10_9_x86_64.macosx_10_10_intel.macosx_10_10_x86_64.whl", hash = "sha256:094d28a34c3fa992ae02aea1edbe6ff89b3cc5870b6ee38b5baeb805dc57b013"},
    {file = "Cython-0.29.14-cp35-cp35m-manylinux1_i686.whl", hash = "sha256:280573a01d9348d44a42d6a9c651d9f7eb1fe9217df72555b2a118f902996a10"},
    {file = "Cython-0.29.14-cp35-cp35m-manylinux1_x86_64.whl", hash = "sha256:773c5a98e463b52f7e8197254b39b703a5ea1972aef3a94b3b921515d77dd041"},
    {file = "Cython-0.29.14-cp35-cp35m-win32.whl", hash = "sha256:986f871c0fa649b293061236b93782d25c293a8dd8117c7ba05f8a61bdc261ae"},
    {file = "Cython-0.29.14-cp35-cp35m-win_amd64.whl", hash = "sha256:78c3068dcba300d473fef57cdf523e34b37de522f5a494ef9ee1ac9b4b8bbe3f"},
    {file = "Cython-0.29.14-cp36-cp36m-macosx_10_6_intel.macosx_10_9_intel.macosx_10_9_x86_64.macosx_10_10_intel.macosx_10_10_x86_64.whl", hash = "sha256:f3818e578e687cdb21dc4aa4a3bc6278c656c9c393e9eda14dd04943f478863d"},
    {file = "Cython-0.29.14-cp36-cp36m-manylinux1_i686.whl", hash = "sha256:bb487881608ebd293592553c618f0c83316f4f13a64cb18605b1d2fb9fd3da3e"},
    {file = "Cython-0.29.14-cp36-cp36m-manylinux1_x86_64.whl", hash = "sha256:03f6bbb380ad0acb744fb06e42996ea217e9d00016ca0ff6f2e7d60f580d0360"},
    {file = "Cython-0.29.14-cp36-cp36m-win32.whl", hash = "sha256:b8ab3ab38afc47d8f4fe629b836243544351cef681b6bdb1dc869028d6fdcbfb"},
    {file = "Cython-0.29.14-cp36-cp36m-win_amd64.whl", hash = "sha256:298ceca7b0f0da4205fcb0b7c9ac9e120e2dafffd5019ba1618e84ef89434b5a"},
    {file = "Cython-0.29.14-cp37-cp37m-macosx_10_6_intel.macosx_10_9_intel.macosx_10_9_x86_64.macosx_10_10_intel.macosx_10_10_x86_64.whl", hash = "sha256:fe666645493d72712c46e4fbe8bec094b06aec3c337400479e9704439c9d9586"},
    {file = "Cython-0.29.14-cp37-cp37m-manylinux1_i686.whl", hash = "sha256:4074a8bff0040035673cc6dd365a762476d6bff4d03d8ce6904e3e53f9a25dc8"},
    {file = "Cython-0.29.14-cp37-cp37m-manylinux1_x86_64.whl", hash = "sha256:a14aa436586c41633339415de82a41164691d02d3e661038da533be5d40794a5"},
    {file = "Cython-0.29.14-cp37-cp37m-win32.whl", hash = "sha256:41e7068e95fbf9ec94b41437f989caf9674135e770a39cdb9c00de459bafd1bc"},
    {file = "Cython-0.29.14-cp37-cp37m-win_amd64.whl", hash = "sha256:05e8cfd3a3a6087aec49a1ae08a89171db991956209406d1e5576f9db70ece52"},
    {file = "Cython-0.29.14-cp38-cp38-manylinux1_i686.whl", hash = "sha256:e8fab9911fd2fa8e5af407057cb8bdf87762f983cba483fa3234be20a9a0af77"},
    {file = "Cython-0.29.14-cp38-cp38-manylinux1_x86_64.whl", hash = "sha256:d4039bb7f234ad32267c55e72fd49fb56078ea102f9d9d8559f6ec34d4887630"},
    {file = "Cython-0.29.14-cp38-cp38-win32.whl", hash = "sha256:c7894c06205166d360ab2915ae306d1f7403e9ce3d3aaeff4095eaf98e42ce66"},
    {file = "Cython-0.29.14-cp38-cp38-win_amd64.whl", hash = "sha256:a0f495a4fe5278aab278feee35e6102efecde5176a8a74dd28c28e3fc5c8d7c7"},
    {file = "Cython-0.29.14.tar.gz", hash = "sha256:e4d6bb8703d0319eb04b7319b12ea41580df44fd84d83ccda13ea463c6801414"},
]
decorator = [
    {file = "decorator-4.4.1-py2.py3-none-any.whl", hash = "sha256:5d19b92a3c8f7f101c8dd86afd86b0f061a8ce4540ab8cd401fa2542756bce6d"},
    {file = "decorator-4.4.1.tar.gz", hash = "sha256:54c38050039232e1db4ad7375cfce6748d7b41c29e95a081c8a6d2c30364a2ce"},
]
ipykernel = [
    {file = "ipykernel-5.1.3-py3-none-any.whl", hash = "sha256:1a7def9c986f1ee018c1138d16951932d4c9d4da01dad45f9d34e9899565a22f"},
    {file = "ipykernel-5.1.3.tar.gz", hash = "sha256:b368ad13edb71fa2db367a01e755a925d7f75ed5e09fbd3f06c85e7a8ef108a8"},
]
ipython = [
    {file = "ipython-7.11.1-py3-none-any.whl", hash = "sha256:387686dd7fc9caf29d2fddcf3116c4b07a11d9025701d220c589a430b0171d8a"},
    {file = "ipython-7.11.1.tar.gz", hash = "sha256:0f4bcf18293fb666df8511feec0403bdb7e061a5842ea6e88a3177b0ceb34ead"},
]
ipython-genutils = [
    {file = "ipython_genutils-0.2.0-py2.py3-none-any.whl", hash = "sha256:72dd37233799e619666c9f639a9da83c34013a73e8bbc79a7a6348d93c61fab8"},
    {file = "ipython_genutils-0.2.0.tar.gz", hash = "sha256:eb2e116e75ecef9d4d228fdc66af54269afa26ab4463042e33785b887c628ba8"},
]
jedi = [
    {file = "jedi-0.15.2-py2.py3-none-any.whl", hash = "sha256:1349c1e8c107095a55386628bb3b2a79422f3a2cab8381e34ce19909e0cf5064"},
    {file = "jedi-0.15.2.tar.gz", hash = "sha256:e909527104a903606dd63bea6e8e888833f0ef087057829b89a18364a856f807"},
]
jupyter-client = [
    {file = "jupyter_client-5.3.4-py2.py3-none-any.whl", hash = "sha256:d0c077c9aaa4432ad485e7733e4d91e48f87b4f4bab7d283d42bb24cbbba0a0f"},
    {file = "jupyter_client-5.3.4.tar.gz", hash = "sha256:60e6faec1031d63df57f1cc671ed673dced0ed420f4377ea33db37b1c188b910"},
]
jupyter-core = [
    {file = "jupyter_core-4.6.1-py2.py3-none-any.whl", hash = "sha256:464769f7387d7a62a2403d067f1ddc616655b7f77f5d810c0dd62cb54bfd0fb9"},
    {file = "jupyter_core-4.6.1.tar.gz", hash = "sha256:a183e0ec2e8f6adddf62b0a3fc6a2237e3e0056d381e536d3e7c7ecc3067e244"},
]
numpy = [
    {file = "numpy-1.18.1-cp35-cp35m-macosx_10_6_intel.whl", hash = "sha256:20b26aaa5b3da029942cdcce719b363dbe58696ad182aff0e5dcb1687ec946dc"},
    {file = "numpy-1.18.1-cp35-cp35m-manylinux1_i686.whl", hash = "sha256:70a840a26f4e61defa7bdf811d7498a284ced303dfbc35acb7be12a39b2aa121"},
    {file = "numpy-1.18.1-cp35-cp35m-manylinux1_x86_64.whl", hash = "sha256:17aa7a81fe7599a10f2b7d95856dc5cf84a4eefa45bc96123cbbc3ebc568994e"},
    {file = "numpy-1.18.1-cp35-cp35m-win32.whl", hash = "sha256:f3d0a94ad151870978fb93538e95411c83899c9dc63e6fb65542f769568ecfa5"},
    {file = "numpy-1.18.1-cp35-cp35m-win_amd64.whl", hash = "sha256:1786a08236f2c92ae0e70423c45e1e62788ed33028f94ca99c4df03f5be6b3c6"},
    {file = "numpy-1.18.1-cp36-cp36m-macosx_10_9_x86_64.whl", hash = "sha256:ae0975f42ab1f28364dcda3dde3cf6c1ddab3e1d4b2909da0cb0191fa9ca0480"},
    {file = "numpy-1.18.1-cp36-cp36m-manylinux1_i686.whl", hash = "sha256:cf7eb6b1025d3e169989416b1adcd676624c2dbed9e3bcb7137f51bfc8cc2572"},
    {file = "numpy-1.18.1-cp36-cp36m-manylinux1_x86_64.whl", hash = "sha256:b765ed3930b92812aa698a455847141869ef755a87e099fddd4ccf9d81fffb57"},
    {file = "numpy-1.18.1-cp36-cp36m-win32.whl", hash = "sha256:2d75908ab3ced4223ccba595b48e538afa5ecc37405923d1fea6906d7c3a50bc"},
    {file = "numpy-1.18.1-cp36-cp36m-win_amd64.whl", hash = "sha256:9acdf933c1fd263c513a2df3dceecea6f3ff4419d80bf238510976bf9bcb26cd"},
    {file = "numpy-1.18.1-cp37-cp37m-macosx_10_9_x86_64.whl", hash = "sha256:56bc8ded6fcd9adea90f65377438f9fea8c05fcf7c5ba766bef258d0da1554aa"},
    {file = "numpy-1.18.1-cp37-cp37m-manylinux1_i686.whl", hash = "sha256:e422c3152921cece8b6a2fb6b0b4d73b6579bd20ae075e7d15143e711f3ca2ca"},
    {file = "numpy-1.18.1-cp37-cp37m-manylinux1_x86_64.whl", hash = "sha256:b3af02ecc999c8003e538e60c89a2b37646b39b688d4e44d7373e11c2debabec"},
    {file = "numpy-1.18.1-cp37-cp37m-win32.whl", hash = "sha256:d92350c22b150c1cae7ebb0ee8b5670cc84848f6359cf6b5d8f86617098a9b73"},
    {file = "numpy-1.18.1-cp37-cp37m-win_amd64.whl", hash = "sha256:77c3bfe65d8560487052ad55c6998a04b654c2fbc36d546aef2b2e511e760971"},
    {file = "numpy-1.18.1-cp38-cp38-macosx_10_9_x86_64.whl", hash = "sha256:c98c5ffd7d41611407a1103ae11c8b634ad6a43606eca3e2a5a269e5d6e8eb07"},
    {file = "numpy-1.18.1-cp38-cp38-manylinux1_i686.whl", hash = "sha256:9537eecf179f566fd1c160a2e912ca0b8e02d773af0a7a1120ad4f7507cd0d26"},
    {file = "numpy-1.18.1-cp38-cp38-manylinux1_x86_64.whl", hash = "sha256:e840f552a509e3380b0f0ec977e8124d0dc34dc0e68289ca28f4d7c1d0d79474"},
    {file = "numpy-1.18.1-cp38-cp38-win32.whl", hash = "sha256:590355aeade1a2eaba17617c19edccb7db8d78760175256e3cf94590a1a964f3"},
    {file = "numpy-1.18.1-cp38-cp38-win_amd64.whl", hash = "sha256:39d2c685af15d3ce682c99ce5925cc66efc824652e10990d2462dfe9b8918c6a"},
    {file = "numpy-1.18.1.zip", hash = "sha256:b6ff59cee96b454516e47e7721098e6ceebef435e3e21ac2d6c3b8b02628eb77"},
]
pandas = [
    {file = "pandas-0.24.2-cp27-cp27m-macosx_10_6_intel.macosx_10_9_intel.macosx_10_9_x86_64.macosx_10_10_intel.macosx_10_10_x86_64.whl", hash = "sha256:17916d818592c9ec891cbef2e90f98cc85e0f1e89ed0924c9b5220dc3209c846"},
    {file = "pandas-0.24.2-cp27-cp27m-win32.whl", hash = "sha256:42e5ad741a0d09232efbc7fc648226ed93306551772fc8aecc6dce9f0e676794"},
    {file = "pandas-0.24.2-cp27-cp27m-win_amd64.whl", hash = "sha256:c9a4b7c55115eb278c19aa14b34fcf5920c8fe7797a09b7b053ddd6195ea89b3"},
    {file = "pandas-0.24.2-cp27-cp27mu-manylinux1_i686.whl", hash = "sha256:5149a6db3e74f23dc3f5a216c2c9ae2e12920aa2d4a5b77e44e5b804a5f93248"},
    {file = "pandas-0.24.2-cp27-cp27mu-manylinux1_x86_64.whl", hash = "sha256:cc8fc0c7a8d5951dc738f1c1447f71c43734244453616f32b8aa0ef6013a5dfb"},
    {file = "pandas-0.24.2-cp35-cp35m-macosx_10_6_intel.macosx_10_9_intel.macosx_10_9_x86_64.macosx_10_10_intel.macosx_10_10_x86_64.whl", hash = "sha256:17450e25ae69e2e6b303817bdf26b2cd57f69595d8550a77c308be0cd0fd58fa"},
    {file = "pandas-0.24.2-cp35-cp35m-manylinux1_i686.whl", hash = "sha256:366f30710172cb45a6b4f43b66c220653b1ea50303fbbd94e50571637ffb9167"},
    {file = "pandas-0.24.2-cp35-cp35m-manylinux1_x86_64.whl", hash = "sha256:4e718e7f395ba5bfe8b6f6aaf2ff1c65a09bb77a36af6394621434e7cc813204"},
    {file = "pandas-0.24.2-cp35-cp35m-win32.whl", hash = "sha256:8c872f7fdf3018b7891e1e3e86c55b190e6c5cee70cab771e8f246c855001296"},
    {file = "pandas-0.24.2-cp35-cp35m-win_amd64.whl", hash = "sha256:a3352bacac12e1fc646213b998bce586f965c9d431773d9e91db27c7c48a1f7d"},
    {file = "pandas-0.24.2-cp36-cp36m-macosx_10_6_intel.macosx_10_9_intel.macosx_10_9_x86_64.macosx_10_10_intel.macosx_10_10_x86_64.whl", hash = "sha256:d7b460bc316064540ce0c41c1438c416a40746fd8a4fb2999668bf18f3c4acf1"},
    {file = "pandas-0.24.2-cp36-cp36m-manylinux1_i686.whl", hash = "sha256:c1bd07ebc15285535f61ddd8c0c75d0d6293e80e1ee6d9a8d73f3f36954342d0"},
    {file = "pandas-0.24.2-cp36-cp36m-manylinux1_x86_64.whl", hash = "sha256:071e42b89b57baa17031af8c6b6bbd2e9a5c68c595bc6bf9adabd7a9ed125d3b"},
    {file = "pandas-0.24.2-cp36-cp36m-win32.whl", hash = "sha256:2538f099ab0e9f9c9d09bbcd94b47fd889bad06dc7ae96b1ed583f1dc1a7a822"},
    {file = "pandas-0.24.2-cp36-cp36m-win_amd64.whl", hash = "sha256:83c702615052f2a0a7fb1dd289726e29ec87a27272d775cb77affe749cca28f8"},
    {file = "pandas-0.24.2-cp37-cp37m-macosx_10_6_intel.macosx_10_9_intel.macosx_10_9_x86_64.macosx_10_10_intel.macosx_10_10_x86_64.whl", hash = "sha256:627594338d6dd995cfc0bacd8e654cd9e1252d2a7c959449228df6740d737eb8"},
    {file = "pandas-0.24.2-cp37-cp37m-manylinux1_x86_64.whl", hash = "sha256:4fe0d7e6438212e839fc5010c78b822664f1a824c0d263fd858f44131d9166e2"},
    {file = "pandas-0.24.2-cp37-cp37m-win32.whl", hash = "sha256:bcdd06007cca02d51350f96debe51331dec429ac8f93930a43eb8fb5639e3eb5"},
    {file = "pandas-0.24.2-cp37-cp37m-win_amd64.whl", hash = "sha256:90f116086063934afd51e61a802a943826d2aac572b2f7d55caaac51c13db5b5"},
    {file = "pandas-0.24.2.tar.gz", hash = "sha256:4f919f409c433577a501e023943e582c57355d50a724c589e78bc1d551a535a2"},
]
parso = [
    {file = "parso-0.5.2-py2.py3-none-any.whl", hash = "sha256:5c1f7791de6bd5dbbeac8db0ef5594b36799de198b3f7f7014643b0c5536b9d3"},
    {file = "parso-0.5.2.tar.gz", hash = "sha256:55cf25df1a35fd88b878715874d2c4dc1ad3f0eebd1e0266a67e1f55efccfbe1"},
]
pexpect = [
    {file = "pexpect-4.7.0-py2.py3-none-any.whl", hash = "sha256:2094eefdfcf37a1fdbfb9aa090862c1a4878e5c7e0e7e7088bdb511c558e5cd1"},
    {file = "pexpect-4.7.0.tar.gz", hash = "sha256:9e2c1fd0e6ee3a49b28f95d4b33bc389c89b20af6a1255906e90ff1262ce62eb"},
]
pickleshare = [
    {file = "pickleshare-0.7.5-py2.py3-none-any.whl", hash = "sha256:9649af414d74d4df115d5d718f82acb59c9d418196b7b4290ed47a12ce62df56"},
    {file = "pickleshare-0.7.5.tar.gz", hash = "sha256:87683d47965c1da65cdacaf31c8441d12b8044cdec9aca500cd78fc2c683afca"},
]
prompt-toolkit = [
    {file = "prompt_toolkit-3.0.2-py3-none-any.whl", hash = "sha256:0278d2f51b5ceba6ea8da39f76d15684e84c996b325475f6e5720edc584326a7"},
    {file = "prompt_toolkit-3.0.2.tar.gz", hash = "sha256:63daee79aa8366c8f1c637f1a4876b890da5fc92a19ebd2f7080ebacb901e990"},
]
ptyprocess = [
    {file = "ptyprocess-0.6.0-py2.py3-none-any.whl", hash = "sha256:d7cc528d76e76342423ca640335bd3633420dc1366f258cb31d05e865ef5ca1f"},
    {file = "ptyprocess-0.6.0.tar.gz", hash = "sha256:923f299cc5ad920c68f2bc0bc98b75b9f838b93b599941a6b63ddbc2476394c0"},
]
pygments = [
    {file = "Pygments-2.5.2-py2.py3-none-any.whl", hash = "sha256:2a3fe295e54a20164a9df49c75fa58526d3be48e14aceba6d6b1e8ac0bfd6f1b"},
    {file = "Pygments-2.5.2.tar.gz", hash = "sha256:98c8aa5a9f778fcd1026a17361ddaf7330d1b7c62ae97c3bb0ae73e0b9b6b0fe"},
]
python-dateutil = [
    {file = "python-dateutil-2.8.1.tar.gz", hash = "sha256:73ebfe9dbf22e832286dafa60473e4cd239f8592f699aa5adaf10050e6e1823c"},
    {file = "python_dateutil-2.8.1-py2.py3-none-any.whl", hash = "sha256:75bb3f31ea686f1197762692a9ee6a7550b59fc6ca3a1f4b5d7e32fb98e2da2a"},
]
pytz = [
    {file = "pytz-2019.3-py2.py3-none-any.whl", hash = "sha256:1c557d7d0e871de1f5ccd5833f60fb2550652da6be2693c1e02300743d21500d"},
    {file = "pytz-2019.3.tar.gz", hash = "sha256:b02c06db6cf09c12dd25137e563b31700d3b80fcc4ad23abb7a315f2789819be"},
]
pywin32 = [
    {file = "pywin32-227-cp27-cp27m-win32.whl", hash = "sha256:371fcc39416d736401f0274dd64c2302728c9e034808e37381b5e1b22be4a6b0"},
    {file = "pywin32-227-cp27-cp27m-win_amd64.whl", hash = "sha256:4cdad3e84191194ea6d0dd1b1b9bdda574ff563177d2adf2b4efec2a244fa116"},
    {file = "pywin32-227-cp35-cp35m-win32.whl", hash = "sha256:f4c5be1a293bae0076d93c88f37ee8da68136744588bc5e2be2f299a34ceb7aa"},
    {file = "pywin32-227-cp35-cp35m-win_amd64.whl", hash = "sha256:a929a4af626e530383a579431b70e512e736e9588106715215bf685a3ea508d4"},
    {file = "pywin32-227-cp36-cp36m-win32.whl", hash = "sha256:300a2db938e98c3e7e2093e4491439e62287d0d493fe07cce110db070b54c0be"},
    {file = "pywin32-227-cp36-cp36m-win_amd64.whl", hash = "sha256:9b31e009564fb95db160f154e2aa195ed66bcc4c058ed72850d047141b36f3a2"},
    {file = "pywin32-227-cp37-cp37m-win32.whl", hash = "sha256:47a3c7551376a865dd8d095a98deba954a98f326c6fe3c72d8726ca6e6b15507"},
    {file = "pywin32-227-cp37-cp37m-win_amd64.whl", hash = "sha256:31f88a89139cb2adc40f8f0e65ee56a8c585f629974f9e07622ba80199057511"},
    {file = "pywin32-227-cp38-cp38-win32.whl", hash = "sha256:7f18199fbf29ca99dff10e1f09451582ae9e372a892ff03a28528a24d55875bc"},
    {file = "pywin32-227-cp38-cp38-win_amd64.whl", hash = "sha256:7c1ae32c489dc012930787f06244426f8356e129184a02c25aef163917ce158e"},
    {file = "pywin32-227-cp39-cp39-win32.whl", hash = "sha256:c054c52ba46e7eb6b7d7dfae4dbd987a1bb48ee86debe3f245a2884ece46e295"},
    {file = "pywin32-227-cp39-cp39-win_amd64.whl", hash = "sha256:f27cec5e7f588c3d1051651830ecc00294f90728d19c3bf6916e6dba93ea357c"},
]
pyzmq = [
    {file = "pyzmq-18.1.1-cp27-cp27m-macosx_10_6_intel.whl", hash = "sha256:0573b9790aa26faff33fba40f25763657271d26f64bffb55a957a3d4165d6098"},
    {file = "pyzmq-18.1.1-cp27-cp27m-win32.whl", hash = "sha256:972d723a36ab6a60b7806faa5c18aa3c080b7d046c407e816a1d8673989e2485"},
    {file = "pyzmq-18.1.1-cp27-cp27m-win_amd64.whl", hash = "sha256:0fa82b9fc3334478be95a5566f35f23109f763d1669bb762e3871a8fa2a4a037"},
    {file = "pyzmq-18.1.1-cp27-cp27mu-manylinux1_i686.whl", hash = "sha256:80c928d5adcfa12346b08d31360988d843b54b94154575cccd628f1fe91446bc"},
    {file = "pyzmq-18.1.1-cp27-cp27mu-manylinux1_x86_64.whl", hash = "sha256:efdde21febb9b5d7a8e0b87ea2549d7e00fda1936459cfb27fb6fca0c36af6c1"},
    {file = "pyzmq-18.1.1-cp35-cp35m-macosx_10_6_intel.whl", hash = "sha256:aa3872f2ebfc5f9692ef8957fe69abe92d905a029c0608e45ebfcd451ad30ab5"},
    {file = "pyzmq-18.1.1-cp35-cp35m-manylinux1_i686.whl", hash = "sha256:01b588911714a6696283de3904f564c550c9e12e8b4995e173f1011755e01086"},
    {file = "pyzmq-18.1.1-cp35-cp35m-manylinux1_x86_64.whl", hash = "sha256:8ff946b20d13a99dc5c21cb76f4b8b253eeddf3eceab4218df8825b0c65ab23d"},
    {file = "pyzmq-18.1.1-cp35-cp35m-win32.whl", hash = "sha256:2a294b4f44201bb21acc2c1a17ff87fbe57b82060b10ddb00ac03e57f3d7fcfa"},
    {file = "pyzmq-18.1.1-cp35-cp35m-win_amd64.whl", hash = "sha256:6fca7d11310430e751f9832257866a122edf9d7b635305c5d8c51f74a5174d3d"},
    {file = "pyzmq-18.1.1-cp36-cp36m-macosx_10_6_intel.whl", hash = "sha256:f4e72646bfe79ff3adbf1314906bbd2d67ef9ccc71a3a98b8b2ccbcca0ab7bec"},
    {file = "pyzmq-18.1.1-cp36-cp36m-manylinux1_i686.whl", hash = "sha256:1e59b7b19396f26e360f41411a5d4603356d18871049cd7790f1a7d18f65fb2c"},
    {file = "pyzmq-18.1.1-cp36-cp36m-manylinux1_x86_64.whl", hash = "sha256:cf08435b14684f7f2ca2df32c9df38a79cdc17c20dc461927789216cb43d8363"},
    {file = "pyzmq-18.1.1-cp36-cp36m-win32.whl", hash = "sha256:75d73ee7ca4b289a2a2dfe0e6bd8f854979fc13b3fe4ebc19381be3b04e37a4a"},
    {file = "pyzmq-18.1.1-cp36-cp36m-win_amd64.whl", hash = "sha256:7369656f89878455a5bcd5d56ca961884f5d096268f71c0750fc33d6732a25e5"},
    {file = "pyzmq-18.1.1-cp37-cp37m-macosx_10_9_x86_64.whl", hash = "sha256:4ec47f2b50bdb97df58f1697470e5c58c3c5109289a623e30baf293481ff0166"},
    {file = "pyzmq-18.1.1-cp37-cp37m-manylinux1_i686.whl", hash = "sha256:5541dc8cad3a8486d58bbed076cb113b65b5dd6b91eb94fb3e38a3d1d3022f20"},
    {file = "pyzmq-18.1.1-cp37-cp37m-manylinux1_x86_64.whl", hash = "sha256:ed6205ca0de035f252baa0fd26fdd2bc8a8f633f92f89ca866fd423ff26c6f25"},
    {file = "pyzmq-18.1.1-cp37-cp37m-win32.whl", hash = "sha256:8b8498ceee33a7023deb2f3db907ca41d6940321e282297327a9be41e3983792"},
    {file = "pyzmq-18.1.1-cp37-cp37m-win_amd64.whl", hash = "sha256:e37f22eb4bfbf69cd462c7000616e03b0cdc1b65f2d99334acad36ea0e4ddf6b"},
    {file = "pyzmq-18.1.1-cp38-cp38-macosx_10_9_x86_64.whl", hash = "sha256:355b38d7dd6f884b8ee9771f59036bcd178d98539680c4f87e7ceb2c6fd057b6"},
    {file = "pyzmq-18.1.1-cp38-cp38-manylinux1_i686.whl", hash = "sha256:4b73d20aec63933bbda7957e30add233289d86d92a0bb9feb3f4746376f33527"},
    {file = "pyzmq-18.1.1-cp38-cp38-manylinux1_x86_64.whl", hash = "sha256:d30db4566177a6205ed1badb8dbbac3c043e91b12a2db5ef9171b318c5641b75"},
    {file = "pyzmq-18.1.1-cp38-cp38-win32.whl", hash = "sha256:83ce18b133dc7e6789f64cb994e7376c5aa6b4aeced993048bf1d7f9a0fe6d3a"},
    {file = "pyzmq-18.1.1-cp38-cp38-win_amd64.whl", hash = "sha256:d5ac84f38575a601ab20c1878818ffe0d09eb51d6cb8511b636da46d0fd8949a"},
    {file = "pyzmq-18.1.1-pp271-pypy_41-macosx_10_15_x86_64.whl", hash = "sha256:e6549dd80de7b23b637f586217a4280facd14ac01e9410a037a13854a6977299"},
    {file = "pyzmq-18.1.1-pp371-pypy3_71-macosx_10_15_x86_64.whl", hash = "sha256:a6c9c42bbdba3f9c73aedbb7671815af1943ae8073e532c2b66efb72f39f4165"},
    {file = "pyzmq-18.1.1.tar.gz", hash = "sha256:8c69a6cbfa94da29a34f6b16193e7c15f5d3220cb772d6d17425ff3faa063a6d"},
]
six = [
    {file = "six-1.13.0-py2.py3-none-any.whl", hash = "sha256:1f1b7d42e254082a9db6279deae68afb421ceba6158efa6131de7b3003ee93fd"},
    {file = "six-1.13.0.tar.gz", hash = "sha256:30f610279e8b2578cab6db20741130331735c781b56053c59c4076da27f06b66"},
]
tornado = [
    {file = "tornado-6.0.3-cp35-cp35m-win32.whl", hash = "sha256:c9399267c926a4e7c418baa5cbe91c7d1cf362d505a1ef898fde44a07c9dd8a5"},
    {file = "tornado-6.0.3-cp35-cp35m-win_amd64.whl", hash = "sha256:398e0d35e086ba38a0427c3b37f4337327231942e731edaa6e9fd1865bbd6f60"},
    {file = "tornado-6.0.3-cp36-cp36m-win32.whl", hash = "sha256:4e73ef678b1a859f0cb29e1d895526a20ea64b5ffd510a2307b5998c7df24281"},
    {file = "tornado-6.0.3-cp36-cp36m-win_amd64.whl", hash = "sha256:349884248c36801afa19e342a77cc4458caca694b0eda633f5878e458a44cb2c"},
    {file = "tornado-6.0.3-cp37-cp37m-win32.whl", hash = "sha256:559bce3d31484b665259f50cd94c5c28b961b09315ccd838f284687245f416e5"},
    {file = "tornado-6.0.3-cp37-cp37m-win_amd64.whl", hash = "sha256:abbe53a39734ef4aba061fca54e30c6b4639d3e1f59653f0da37a0003de148c7"},
    {file = "tornado-6.0.3.tar.gz", hash = "sha256:c845db36ba616912074c5b1ee897f8e0124df269468f25e4fe21fe72f6edd7a9"},
]
traitlets = [
    {file = "traitlets-4.3.3-py2.py3-none-any.whl", hash = "sha256:70b4c6a1d9019d7b4f6846832288f86998aa3b9207c6821f3578a6a6a467fe44"},
    {file = "traitlets-4.3.3.tar.gz", hash = "sha256:d023ee369ddd2763310e4c3eae1ff649689440d4ae59d7485eb4cfbbe3e359f7"},
]
wcwidth = [
    {file = "wcwidth-0.1.8-py2.py3-none-any.whl", hash = "sha256:8fd29383f539be45b20bd4df0dc29c20ba48654a41e661925e612311e9f3c603"},
    {file = "wcwidth-0.1.8.tar.gz", hash = "sha256:f28b3e8a6483e5d49e7f8949ac1a78314e740333ae305b4ba5defd3e74fb37a8"},
]
