name: update-flake-lock
on:
  workflow_dispatch: # allows manual triggering
  schedule:
    - cron: '0 0 * * 0' # runs weekly on Sunday at 00:00

jobs:
  lockfile:
    runs-on: ubuntu-latest
    steps:
    - uses: actions/checkout@v3
      with:
        fetch-depth: 0

    - name: Setup
      uses: ./.github/actions/common-setup
      with:
        CACHIX_SIGNING_KEY: ${{ secrets.CACHIX_SIGNING_KEY }}
        GITHUB_TOKEN: ${{ secrets.GITHUB_TOKEN }}

    - name: Update flake.lock
      uses: DeterminateSystems/update-flake-lock@v17
